
Microsoft Visual Studio Solution File, Format Version 12.00
# Visual Studio Version 17
VisualStudioVersion = 17.14.36518.9 d17.14
MinimumVisualStudioVersion = 10.0.40219.1
Project("{FAE04EC0-301F-11D3-BF4B-00C04F79EFBC}") = "ConsoleApp3", "ConsoleApp3.csproj", "{58B8E7F8-E7F8-4F26-B5F3-E57D579A2B46}"
EndProject
Global
	GlobalSection(SolutionConfigurationPlatforms) = preSolution
		Debug|Any CPU = Debug|Any CPU
		Release|Any CPU = Release|Any CPU
	EndGlobalSection
	GlobalSection(ProjectConfigurationPlatforms) = postSolution
		{58B8E7F8-E7F8-4F26-B5F3-E57D579A2B46}.Debug|Any CPU.ActiveCfg = Debug|Any CPU
		{58B8E7F8-E7F8-4F26-B5F3-E57D579A2B46}.Debug|Any CPU.Build.0 = Debug|Any CPU
		{58B8E7F8-E7F8-4F26-B5F3-E57D579A2B46}.Release|Any CPU.ActiveCfg = Release|Any CPU
		{58B8E7F8-E7F8-4F26-B5F3-E57D579A2B46}.Release|Any CPU.Build.0 = Release|Any CPU
	EndGlobalSection
	GlobalSection(SolutionProperties) = preSolution
		HideSolutionNode = FALSE
	EndGlobalSection
	GlobalSection(ExtensibilityGlobals) = postSolution
		SolutionGuid = {20FF8D22-EDD3-46A0-8515-9355B4948213}
	EndGlobalSection
EndGlobal
